
Microsoft Visual Studio Solution File, Format Version 12.00
Project("{FAE04EC0-301F-11D3-BF4B-00C04F79EFBC}") = "DeadManSwitch", "DeadManSwitch\DeadManSwitch.csproj", "{67A74B2C-FF60-42A6-A7BF-E6CF9F4E6C28}"
EndProject
Project("{FAE04EC0-301F-11D3-BF4B-00C04F79EFBC}") = "DeadManSwitch.Tests", "DeadManSwitch.Tests\DeadManSwitch.Tests.csproj", "{4926E5B1-CE92-4037-A737-04EF5D6BC0C8}"
EndProject
Global
	GlobalSection(SolutionConfigurationPlatforms) = preSolution
		Debug|Any CPU = Debug|Any CPU
		Release|Any CPU = Release|Any CPU
	EndGlobalSection
	GlobalSection(ProjectConfigurationPlatforms) = postSolution
		{67A74B2C-FF60-42A6-A7BF-E6CF9F4E6C28}.Debug|Any CPU.ActiveCfg = Debug|Any CPU
		{67A74B2C-FF60-42A6-A7BF-E6CF9F4E6C28}.Debug|Any CPU.Build.0 = Debug|Any CPU
		{67A74B2C-FF60-42A6-A7BF-E6CF9F4E6C28}.Release|Any CPU.ActiveCfg = Release|Any CPU
		{67A74B2C-FF60-42A6-A7BF-E6CF9F4E6C28}.Release|Any CPU.Build.0 = Release|Any CPU
		{4926E5B1-CE92-4037-A737-04EF5D6BC0C8}.Debug|Any CPU.ActiveCfg = Debug|Any CPU
		{4926E5B1-CE92-4037-A737-04EF5D6BC0C8}.Debug|Any CPU.Build.0 = Debug|Any CPU
		{4926E5B1-CE92-4037-A737-04EF5D6BC0C8}.Release|Any CPU.ActiveCfg = Release|Any CPU
		{4926E5B1-CE92-4037-A737-04EF5D6BC0C8}.Release|Any CPU.Build.0 = Release|Any CPU
	EndGlobalSection
EndGlobal
