
Microsoft Visual Studio Solution File, Format Version 12.00
# Visual Studio Version 16
VisualStudioVersion = 16.0.29411.108
MinimumVisualStudioVersion = 10.0.40219.1
Project("{9A19103F-16F7-4668-BE54-9A1E7A4F7556}") = "DeadManSwitch", "DeadManSwitch.Core\DeadManSwitch.csproj", "{67A74B2C-FF60-42A6-A7BF-E6CF9F4E6C28}"
EndProject
Project("{9A19103F-16F7-4668-BE54-9A1E7A4F7556}") = "DeadManSwitch.Tests", "DeadManSwitch.Tests\DeadManSwitch.Tests.csproj", "{4926E5B1-CE92-4037-A737-04EF5D6BC0C8}"
EndProject
Project("{9A19103F-16F7-4668-BE54-9A1E7A4F7556}") = "DeadManSwitch.Examples.AspNetCore", "DeadManSwitch.Examples.AspNetCore\DeadManSwitch.Examples.AspNetCore.csproj", "{CC4538FE-3C94-488E-9A14-B8FC550A16F2}"
EndProject
Project("{2150E333-8FDC-42A3-9474-1A3956D46DE8}") = "Solution Items", "Solution Items", "{F4787371-884A-4378-A7DF-46DB5C7D9EEB}"
	ProjectSection(SolutionItems) = preProject
		.editorconfig = .editorconfig
		NuGet.config = NuGet.config
	EndProjectSection
EndProject
Project("{FAE04EC0-301F-11D3-BF4B-00C04F79EFBC}") = "DeadManSwitch.AspNetCore", "DeadManSwitch.AspNetCore\DeadManSwitch.AspNetCore.csproj", "{C2DB0E70-9775-4FBB-AD6D-119F5E5D9AB9}"
EndProject
Project("{FAE04EC0-301F-11D3-BF4B-00C04F79EFBC}") = "DeadManSwitch.Serilog", "DeadManSwitch.Serilog\DeadManSwitch.Serilog.csproj", "{B6C5E02B-BED4-4248-A573-35661CE9EB0A}"
EndProject
Global
	GlobalSection(SolutionConfigurationPlatforms) = preSolution
		Debug|Any CPU = Debug|Any CPU
		Release|Any CPU = Release|Any CPU
	EndGlobalSection
	GlobalSection(ProjectConfigurationPlatforms) = postSolution
		{67A74B2C-FF60-42A6-A7BF-E6CF9F4E6C28}.Debug|Any CPU.ActiveCfg = Debug|Any CPU
		{67A74B2C-FF60-42A6-A7BF-E6CF9F4E6C28}.Debug|Any CPU.Build.0 = Debug|Any CPU
		{67A74B2C-FF60-42A6-A7BF-E6CF9F4E6C28}.Release|Any CPU.ActiveCfg = Release|Any CPU
		{67A74B2C-FF60-42A6-A7BF-E6CF9F4E6C28}.Release|Any CPU.Build.0 = Release|Any CPU
		{4926E5B1-CE92-4037-A737-04EF5D6BC0C8}.Debug|Any CPU.ActiveCfg = Debug|Any CPU
		{4926E5B1-CE92-4037-A737-04EF5D6BC0C8}.Debug|Any CPU.Build.0 = Debug|Any CPU
		{4926E5B1-CE92-4037-A737-04EF5D6BC0C8}.Release|Any CPU.ActiveCfg = Release|Any CPU
		{4926E5B1-CE92-4037-A737-04EF5D6BC0C8}.Release|Any CPU.Build.0 = Release|Any CPU
		{CC4538FE-3C94-488E-9A14-B8FC550A16F2}.Debug|Any CPU.ActiveCfg = Debug|Any CPU
		{CC4538FE-3C94-488E-9A14-B8FC550A16F2}.Debug|Any CPU.Build.0 = Debug|Any CPU
		{CC4538FE-3C94-488E-9A14-B8FC550A16F2}.Release|Any CPU.ActiveCfg = Release|Any CPU
		{CC4538FE-3C94-488E-9A14-B8FC550A16F2}.Release|Any CPU.Build.0 = Release|Any CPU
		{C2DB0E70-9775-4FBB-AD6D-119F5E5D9AB9}.Debug|Any CPU.ActiveCfg = Debug|Any CPU
		{C2DB0E70-9775-4FBB-AD6D-119F5E5D9AB9}.Debug|Any CPU.Build.0 = Debug|Any CPU
		{C2DB0E70-9775-4FBB-AD6D-119F5E5D9AB9}.Release|Any CPU.ActiveCfg = Release|Any CPU
		{C2DB0E70-9775-4FBB-AD6D-119F5E5D9AB9}.Release|Any CPU.Build.0 = Release|Any CPU
		{B6C5E02B-BED4-4248-A573-35661CE9EB0A}.Debug|Any CPU.ActiveCfg = Debug|Any CPU
		{B6C5E02B-BED4-4248-A573-35661CE9EB0A}.Debug|Any CPU.Build.0 = Debug|Any CPU
		{B6C5E02B-BED4-4248-A573-35661CE9EB0A}.Release|Any CPU.ActiveCfg = Release|Any CPU
		{B6C5E02B-BED4-4248-A573-35661CE9EB0A}.Release|Any CPU.Build.0 = Release|Any CPU
	EndGlobalSection
	GlobalSection(SolutionProperties) = preSolution
		HideSolutionNode = FALSE
	EndGlobalSection
	GlobalSection(ExtensibilityGlobals) = postSolution
		SolutionGuid = {FD195C10-45E9-4297-A428-771DC77FDDEC}
	EndGlobalSection
EndGlobal
